<?xml version="1.0" encoding="UTF-8"?>
<Scheme
   LastUpgradeVersion = "1200"
   version = "1.7">
   <BuildAction
      parallelizeBuildables = "YES"
      buildImplicitDependencies = "YES"
      runPostActionsOnFailure = "NO">
      <BuildActionEntries>
         <BuildActionEntry
            buildForTesting = "YES"
            buildForRunning = "YES"
            buildForProfiling = "YES"
            buildForArchiving = "YES"
            buildForAnalyzing = "YES">
            <BuildableReference
               BuildableIdentifier = "primary"
               BlueprintIdentifier = "08E398B0C57F5867EBBF5965"
               BuildableName = "TelegramReporter.framework"
               BlueprintName = "TelegramReporter"
               ReferencedContainer = "container:TelegramReporter.xcodeproj">
            </BuildableReference>
         </BuildActionEntry>
         <BuildActionEntry
            buildForTesting = "YES"
            buildForRunning = "YES"
            buildForProfiling = "YES"
            buildForArchiving = "YES"
            buildForAnalyzing = "YES">
            <BuildableReference
               BuildableIdentifier = "primary"
               BlueprintIdentifier = "DF299154C01041CBD9078938"
               BuildableName = "TelegramReporterDemo.app"
               BlueprintName = "TelegramReporterDemo"
               ReferencedContainer = "container:TelegramReporter.xcodeproj">
            </BuildableReference>
         </BuildActionEntry>
         <BuildActionEntry
            buildForTesting = "YES"
            buildForRunning = "NO"
            buildForProfiling = "NO"
            buildForArchiving = "NO"
            buildForAnalyzing = "NO">
            <BuildableReference
               BuildableIdentifier = "primary"
               BlueprintIdentifier = "F892589AC48A3A119CECB2D2"
               BuildableName = "TelegramReporterDemoTests.xctest"
               BlueprintName = "TelegramReporterDemoTests"
               ReferencedContainer = "container:TelegramReporter.xcodeproj">
            </BuildableReference>
         </BuildActionEntry>
         <BuildActionEntry
            buildForTesting = "YES"
            buildForRunning = "NO"
            buildForProfiling = "NO"
            buildForArchiving = "NO"
            buildForAnalyzing = "NO">
            <BuildableReference
               BuildableIdentifier = "primary"
               BlueprintIdentifier = "BB84B5D2D97208E69E828F5F"
               BuildableName = "TelegramReporterTests.xctest"
               BlueprintName = "TelegramReporterTests"
               ReferencedContainer = "container:TelegramReporter.xcodeproj">
            </BuildableReference>
         </BuildActionEntry>
      </BuildActionEntries>
   </BuildAction>
   <TestAction
      buildConfiguration = "Debug"
      selectedDebuggerIdentifier = "Xcode.DebuggerFoundation.Debugger.LLDB"
      selectedLauncherIdentifier = "Xcode.DebuggerFoundation.Launcher.LLDB"
      shouldUseLaunchSchemeArgsEnv = "YES"
      codeCoverageEnabled = "YES"
      onlyGenerateCoverageForSpecifiedTargets = "YES">
      <TestPlans>
         <TestPlanReference
            default = "YES"
            reference = "container:TelegramReporter.xctestplan">
         </TestPlanReference>
      </TestPlans>
      <MacroExpansion>
         <BuildableReference
            BuildableIdentifier = "primary"
            BlueprintIdentifier = "DF299154C01041CBD9078938"
            BuildableName = "TelegramReporterDemo.app"
            BlueprintName = "TelegramReporterDemo"
            ReferencedContainer = "container:TelegramReporter.xcodeproj">
         </BuildableReference>
      </MacroExpansion>
      <Testables>
         <TestableReference
            skipped = "NO">
            <BuildableReference
               BuildableIdentifier = "primary"
               BlueprintIdentifier = "BB84B5D2D97208E69E828F5F"
               BuildableName = "TelegramReporterTests.xctest"
               BlueprintName = "TelegramReporterTests"
               ReferencedContainer = "container:TelegramReporter.xcodeproj">
            </BuildableReference>
         </TestableReference>
         <TestableReference
            skipped = "NO">
            <BuildableReference
               BuildableIdentifier = "primary"
               BlueprintIdentifier = "F892589AC48A3A119CECB2D2"
               BuildableName = "TelegramReporterDemoTests.xctest"
               BlueprintName = "TelegramReporterDemoTests"
               ReferencedContainer = "container:TelegramReporter.xcodeproj">
            </BuildableReference>
         </TestableReference>
      </Testables>
      <CommandLineArguments>
      </CommandLineArguments>
      <CodeCoverageTargets>
         <BuildableReference
            BuildableIdentifier = "primary"
            BlueprintIdentifier = "08E398B0C57F5867EBBF5965"
            BuildableName = "TelegramReporter.framework"
            BlueprintName = "TelegramReporter"
            ReferencedContainer = "container:TelegramReporter.xcodeproj">
         </BuildableReference>
         <BuildableReference
            BuildableIdentifier = "primary"
            BlueprintIdentifier = "DF299154C01041CBD9078938"
            BuildableName = "TelegramReporterDemo.app"
            BlueprintName = "TelegramReporterDemo"
            ReferencedContainer = "container:TelegramReporter.xcodeproj">
         </BuildableReference>
      </CodeCoverageTargets>
   </TestAction>
   <LaunchAction
      buildConfiguration = "Debug"
      selectedDebuggerIdentifier = "Xcode.DebuggerFoundation.Debugger.LLDB"
      selectedLauncherIdentifier = "Xcode.DebuggerFoundation.Launcher.LLDB"
      launchStyle = "0"
      useCustomWorkingDirectory = "NO"
      ignoresPersistentStateOnLaunch = "NO"
      debugDocumentVersioning = "YES"
      debugServiceExtension = "internal"
      allowLocationSimulation = "YES">
      <BuildableProductRunnable
         runnableDebuggingMode = "0">
         <BuildableReference
            BuildableIdentifier = "primary"
            BlueprintIdentifier = "DF299154C01041CBD9078938"
            BuildableName = "TelegramReporterDemo.app"
            BlueprintName = "TelegramReporterDemo"
            ReferencedContainer = "container:TelegramReporter.xcodeproj">
         </BuildableReference>
      </BuildableProductRunnable>
      <CommandLineArguments>
      </CommandLineArguments>
   </LaunchAction>
   <ProfileAction
      buildConfiguration = "Release"
      shouldUseLaunchSchemeArgsEnv = "YES"
      savedToolIdentifier = ""
      useCustomWorkingDirectory = "NO"
      debugDocumentVersioning = "YES">
      <BuildableProductRunnable
         runnableDebuggingMode = "0">
         <BuildableReference
            BuildableIdentifier = "primary"
            BlueprintIdentifier = "DF299154C01041CBD9078938"
            BuildableName = "TelegramReporterDemo.app"
            BlueprintName = "TelegramReporterDemo"
            ReferencedContainer = "container:TelegramReporter.xcodeproj">
         </BuildableReference>
      </BuildableProductRunnable>
   </ProfileAction>
   <AnalyzeAction
      buildConfiguration = "Debug">
   </AnalyzeAction>
   <ArchiveAction
      buildConfiguration = "Release"
      revealArchiveInOrganizer = "YES">
   </ArchiveAction>
</Scheme>
